
Microsoft Visual Studio Solution File, Format Version 12.00
# Visual Studio Version 16
VisualStudioVersion = 16.0.31702.278
MinimumVisualStudioVersion = 10.0.40219.1
Project("{FAE04EC0-301F-11D3-BF4B-00C04F79EFBC}") = "Artlite", "Artlite.csproj", "{0A2436D2-FEBE-45D8-BB51-D08DBC0CFE8D}"
EndProject
Global
	GlobalSection(SolutionConfigurationPlatforms) = preSolution
		Debug|Any CPU = Debug|Any CPU
		Release|Any CPU = Release|Any CPU
	EndGlobalSection
	GlobalSection(ProjectConfigurationPlatforms) = postSolution
		{0A2436D2-FEBE-45D8-BB51-D08DBC0CFE8D}.Debug|Any CPU.ActiveCfg = Debug|Any CPU
		{0A2436D2-FEBE-45D8-BB51-D08DBC0CFE8D}.Debug|Any CPU.Build.0 = Debug|Any CPU
		{0A2436D2-FEBE-45D8-BB51-D08DBC0CFE8D}.Release|Any CPU.ActiveCfg = Release|Any CPU
		{0A2436D2-FEBE-45D8-BB51-D08DBC0CFE8D}.Release|Any CPU.Build.0 = Release|Any CPU
	EndGlobalSection
	GlobalSection(SolutionProperties) = preSolution
		HideSolutionNode = FALSE
	EndGlobalSection
	GlobalSection(ExtensibilityGlobals) = postSolution
		SolutionGuid = {24698AC5-D8F5-460B-8F82-5816FF19FCFE}
	EndGlobalSection
EndGlobal
